
Microsoft Visual Studio Solution File, Format Version 12.00
# Visual Studio 15
VisualStudioVersion = 15.0.27703.2035
MinimumVisualStudioVersion = 10.0.40219.1
Project("{FAE04EC0-301F-11D3-BF4B-00C04F79EFBC}") = "ParmalatTest", "ParmalatTest\ParmalatTest.csproj", "{43803A5E-A1DC-4633-8A2F-86F0D1C0A321}"
EndProject
Global
	GlobalSection(SolutionConfigurationPlatforms) = preSolution
		Debug|Any CPU = Debug|Any CPU
		Release|Any CPU = Release|Any CPU
	EndGlobalSection
	GlobalSection(ProjectConfigurationPlatforms) = postSolution
		{43803A5E-A1DC-4633-8A2F-86F0D1C0A321}.Debug|Any CPU.ActiveCfg = Debug|Any CPU
		{43803A5E-A1DC-4633-8A2F-86F0D1C0A321}.Debug|Any CPU.Build.0 = Debug|Any CPU
		{43803A5E-A1DC-4633-8A2F-86F0D1C0A321}.Release|Any CPU.ActiveCfg = Release|Any CPU
		{43803A5E-A1DC-4633-8A2F-86F0D1C0A321}.Release|Any CPU.Build.0 = Release|Any CPU
	EndGlobalSection
	GlobalSection(SolutionProperties) = preSolution
		HideSolutionNode = FALSE
	EndGlobalSection
	GlobalSection(ExtensibilityGlobals) = postSolution
		SolutionGuid = {22FBE353-2BDA-41AD-A7F5-24CE84018D7C}
	EndGlobalSection
EndGlobal
